
Microsoft Visual Studio Solution File, Format Version 12.00
Project("{FAE04EC0-301F-11D3-BF4B-00C04F79EFBC}") = "HotChocolate.Server", "HotChocolate.Server\HotChocolate.Server.csproj", "{6A0EE441-D573-45F6-9BD7-D3756340F674}"
EndProject
Project("{FAE04EC0-301F-11D3-BF4B-00C04F79EFBC}") = "HotChocolate.Client", "HotChocolate.Client\HotChocolate.Client.csproj", "{DCDBCB54-70A1-4778-AF76-4B6204DF8D4A}"
EndProject
Global
	GlobalSection(SolutionConfigurationPlatforms) = preSolution
		Debug|Any CPU = Debug|Any CPU
		Release|Any CPU = Release|Any CPU
	EndGlobalSection
	GlobalSection(ProjectConfigurationPlatforms) = postSolution
		{6A0EE441-D573-45F6-9BD7-D3756340F674}.Debug|Any CPU.ActiveCfg = Debug|Any CPU
		{6A0EE441-D573-45F6-9BD7-D3756340F674}.Debug|Any CPU.Build.0 = Debug|Any CPU
		{6A0EE441-D573-45F6-9BD7-D3756340F674}.Release|Any CPU.ActiveCfg = Release|Any CPU
		{6A0EE441-D573-45F6-9BD7-D3756340F674}.Release|Any CPU.Build.0 = Release|Any CPU
		{DCDBCB54-70A1-4778-AF76-4B6204DF8D4A}.Debug|Any CPU.ActiveCfg = Debug|Any CPU
		{DCDBCB54-70A1-4778-AF76-4B6204DF8D4A}.Debug|Any CPU.Build.0 = Debug|Any CPU
		{DCDBCB54-70A1-4778-AF76-4B6204DF8D4A}.Release|Any CPU.ActiveCfg = Release|Any CPU
		{DCDBCB54-70A1-4778-AF76-4B6204DF8D4A}.Release|Any CPU.Build.0 = Release|Any CPU
	EndGlobalSection
EndGlobal
